
Microsoft Visual Studio Solution File, Format Version 12.00
# Visual Studio Version 17
VisualStudioVersion = 17.14.36301.6 d17.14
MinimumVisualStudioVersion = 10.0.40219.1
Project("{8BC9CEB8-8B4A-11D0-8D11-00A0C91BC942}") = "2.7.3", "2.7.3\2.7.3.vcxproj", "{01D7E5D5-BBCE-4304-BD1F-0F9B22DDF979}"
EndProject
Global
	GlobalSection(SolutionConfigurationPlatforms) = preSolution
		Debug|x64 = Debug|x64
		Debug|x86 = Debug|x86
		Release|x64 = Release|x64
		Release|x86 = Release|x86
	EndGlobalSection
	GlobalSection(ProjectConfigurationPlatforms) = postSolution
		{01D7E5D5-BBCE-4304-BD1F-0F9B22DDF979}.Debug|x64.ActiveCfg = Debug|x64
		{01D7E5D5-BBCE-4304-BD1F-0F9B22DDF979}.Debug|x64.Build.0 = Debug|x64
		{01D7E5D5-BBCE-4304-BD1F-0F9B22DDF979}.Debug|x86.ActiveCfg = Debug|Win32
		{01D7E5D5-BBCE-4304-BD1F-0F9B22DDF979}.Debug|x86.Build.0 = Debug|Win32
		{01D7E5D5-BBCE-4304-BD1F-0F9B22DDF979}.Release|x64.ActiveCfg = Release|x64
		{01D7E5D5-BBCE-4304-BD1F-0F9B22DDF979}.Release|x64.Build.0 = Release|x64
		{01D7E5D5-BBCE-4304-BD1F-0F9B22DDF979}.Release|x86.ActiveCfg = Release|Win32
		{01D7E5D5-BBCE-4304-BD1F-0F9B22DDF979}.Release|x86.Build.0 = Release|Win32
	EndGlobalSection
	GlobalSection(SolutionProperties) = preSolution
		HideSolutionNode = FALSE
	EndGlobalSection
	GlobalSection(ExtensibilityGlobals) = postSolution
		SolutionGuid = {7428089E-1DD0-498D-9502-D831FA421840}
	EndGlobalSection
EndGlobal
