
Microsoft Visual Studio Solution File, Format Version 12.00
# Visual Studio Version 17
VisualStudioVersion = 17.14.36301.6 d17.14
MinimumVisualStudioVersion = 10.0.40219.1
Project("{8BC9CEB8-8B4A-11D0-8D11-00A0C91BC942}") = "2.7.2", "2.7.2\2.7.2.vcxproj", "{5675D548-7CF7-4FC0-AECA-766405D7A6B3}"
EndProject
Global
	GlobalSection(SolutionConfigurationPlatforms) = preSolution
		Debug|x64 = Debug|x64
		Debug|x86 = Debug|x86
		Release|x64 = Release|x64
		Release|x86 = Release|x86
	EndGlobalSection
	GlobalSection(ProjectConfigurationPlatforms) = postSolution
		{5675D548-7CF7-4FC0-AECA-766405D7A6B3}.Debug|x64.ActiveCfg = Debug|x64
		{5675D548-7CF7-4FC0-AECA-766405D7A6B3}.Debug|x64.Build.0 = Debug|x64
		{5675D548-7CF7-4FC0-AECA-766405D7A6B3}.Debug|x86.ActiveCfg = Debug|Win32
		{5675D548-7CF7-4FC0-AECA-766405D7A6B3}.Debug|x86.Build.0 = Debug|Win32
		{5675D548-7CF7-4FC0-AECA-766405D7A6B3}.Release|x64.ActiveCfg = Release|x64
		{5675D548-7CF7-4FC0-AECA-766405D7A6B3}.Release|x64.Build.0 = Release|x64
		{5675D548-7CF7-4FC0-AECA-766405D7A6B3}.Release|x86.ActiveCfg = Release|Win32
		{5675D548-7CF7-4FC0-AECA-766405D7A6B3}.Release|x86.Build.0 = Release|Win32
	EndGlobalSection
	GlobalSection(SolutionProperties) = preSolution
		HideSolutionNode = FALSE
	EndGlobalSection
	GlobalSection(ExtensibilityGlobals) = postSolution
		SolutionGuid = {A05F5C25-8594-489C-BBBB-AAA39FB0FC4F}
	EndGlobalSection
EndGlobal
