
Microsoft Visual Studio Solution File, Format Version 12.00
# Visual Studio Version 17
VisualStudioVersion = 17.14.36301.6 d17.14
MinimumVisualStudioVersion = 10.0.40219.1
Project("{8BC9CEB8-8B4A-11D0-8D11-00A0C91BC942}") = "gentinfo.cpp", "gentinfo.cpp\gentinfo.cpp.vcxproj", "{32DFD9D1-ADF2-45AF-87B5-B5906875F2EB}"
EndProject
Global
	GlobalSection(SolutionConfigurationPlatforms) = preSolution
		Debug|x64 = Debug|x64
		Debug|x86 = Debug|x86
		Release|x64 = Release|x64
		Release|x86 = Release|x86
	EndGlobalSection
	GlobalSection(ProjectConfigurationPlatforms) = postSolution
		{32DFD9D1-ADF2-45AF-87B5-B5906875F2EB}.Debug|x64.ActiveCfg = Debug|x64
		{32DFD9D1-ADF2-45AF-87B5-B5906875F2EB}.Debug|x64.Build.0 = Debug|x64
		{32DFD9D1-ADF2-45AF-87B5-B5906875F2EB}.Debug|x86.ActiveCfg = Debug|Win32
		{32DFD9D1-ADF2-45AF-87B5-B5906875F2EB}.Debug|x86.Build.0 = Debug|Win32
		{32DFD9D1-ADF2-45AF-87B5-B5906875F2EB}.Release|x64.ActiveCfg = Release|x64
		{32DFD9D1-ADF2-45AF-87B5-B5906875F2EB}.Release|x64.Build.0 = Release|x64
		{32DFD9D1-ADF2-45AF-87B5-B5906875F2EB}.Release|x86.ActiveCfg = Release|Win32
		{32DFD9D1-ADF2-45AF-87B5-B5906875F2EB}.Release|x86.Build.0 = Release|Win32
	EndGlobalSection
	GlobalSection(SolutionProperties) = preSolution
		HideSolutionNode = FALSE
	EndGlobalSection
	GlobalSection(ExtensibilityGlobals) = postSolution
		SolutionGuid = {8B6CAE34-1385-437F-94D1-8AD5496DA0E9}
	EndGlobalSection
EndGlobal
